
Microsoft Visual Studio Solution File, Format Version 12.00
# Visual Studio 15
VisualStudioVersion = 15.0.28307.852
MinimumVisualStudioVersion = 10.0.40219.1
Project("{FAE04EC0-301F-11D3-BF4B-00C04F79EFBC}") = "Jornal", "Jornal\Jornal.csproj", "{C75750EE-22FF-49BE-9494-B33D44FEE873}"
EndProject
Global
	GlobalSection(SolutionConfigurationPlatforms) = preSolution
		Debug|Any CPU = Debug|Any CPU
		Release|Any CPU = Release|Any CPU
	EndGlobalSection
	GlobalSection(ProjectConfigurationPlatforms) = postSolution
		{C75750EE-22FF-49BE-9494-B33D44FEE873}.Debug|Any CPU.ActiveCfg = Debug|Any CPU
		{C75750EE-22FF-49BE-9494-B33D44FEE873}.Debug|Any CPU.Build.0 = Debug|Any CPU
		{C75750EE-22FF-49BE-9494-B33D44FEE873}.Release|Any CPU.ActiveCfg = Release|Any CPU
		{C75750EE-22FF-49BE-9494-B33D44FEE873}.Release|Any CPU.Build.0 = Release|Any CPU
	EndGlobalSection
	GlobalSection(SolutionProperties) = preSolution
		HideSolutionNode = FALSE
	EndGlobalSection
	GlobalSection(ExtensibilityGlobals) = postSolution
		SolutionGuid = {5E30D92C-6A91-4A67-A48E-5DF86FEAD7DB}
	EndGlobalSection
EndGlobal
